
Microsoft Visual Studio Solution File, Format Version 12.00
# Visual Studio 15
Project("{FAE04EC0-301F-11D3-BF4B-00C04F79EFBC}") = "Assembly-CSharp", "Assembly-CSharp.csproj", "{397B6239-B35B-9E8F-4770-26F399BDB24E}"
EndProject
Project("{FAE04EC0-301F-11D3-BF4B-00C04F79EFBC}") = "Assembly-CSharp-Editor", "Assembly-CSharp-Editor.csproj", "{EE32C2E9-8117-C935-B8E8-C4EFDA99859A}"
EndProject
Global
	GlobalSection(SolutionConfigurationPlatforms) = preSolution
		Debug|Any CPU = Debug|Any CPU
		Release|Any CPU = Release|Any CPU
	EndGlobalSection
	GlobalSection(ProjectConfigurationPlatforms) = postSolution
		{397B6239-B35B-9E8F-4770-26F399BDB24E}.Debug|Any CPU.ActiveCfg = Debug|Any CPU
		{397B6239-B35B-9E8F-4770-26F399BDB24E}.Debug|Any CPU.Build.0 = Debug|Any CPU
		{397B6239-B35B-9E8F-4770-26F399BDB24E}.Release|Any CPU.ActiveCfg = Release|Any CPU
		{397B6239-B35B-9E8F-4770-26F399BDB24E}.Release|Any CPU.Build.0 = Release|Any CPU
		{EE32C2E9-8117-C935-B8E8-C4EFDA99859A}.Debug|Any CPU.ActiveCfg = Debug|Any CPU
		{EE32C2E9-8117-C935-B8E8-C4EFDA99859A}.Debug|Any CPU.Build.0 = Debug|Any CPU
		{EE32C2E9-8117-C935-B8E8-C4EFDA99859A}.Release|Any CPU.ActiveCfg = Release|Any CPU
		{EE32C2E9-8117-C935-B8E8-C4EFDA99859A}.Release|Any CPU.Build.0 = Release|Any CPU
	EndGlobalSection
	GlobalSection(SolutionProperties) = preSolution
		HideSolutionNode = FALSE
	EndGlobalSection
EndGlobal
